
Microsoft Visual Studio Solution File, Format Version 12.00
# Visual Studio Version 16
VisualStudioVersion = 16.0.33214.272
MinimumVisualStudioVersion = 10.0.40219.1
Project("{FAE04EC0-301F-11D3-BF4B-00C04F79EFBC}") = "WalmartCalculater", "WalmartCalculater\WalmartCalculater.csproj", "{A3D79C1F-10A8-4137-867B-C8264C391F06}"
EndProject
Global
	GlobalSection(SolutionConfigurationPlatforms) = preSolution
		Debug|Any CPU = Debug|Any CPU
		Release|Any CPU = Release|Any CPU
	EndGlobalSection
	GlobalSection(ProjectConfigurationPlatforms) = postSolution
		{A3D79C1F-10A8-4137-867B-C8264C391F06}.Debug|Any CPU.ActiveCfg = Debug|Any CPU
		{A3D79C1F-10A8-4137-867B-C8264C391F06}.Debug|Any CPU.Build.0 = Debug|Any CPU
		{A3D79C1F-10A8-4137-867B-C8264C391F06}.Release|Any CPU.ActiveCfg = Release|Any CPU
		{A3D79C1F-10A8-4137-867B-C8264C391F06}.Release|Any CPU.Build.0 = Release|Any CPU
	EndGlobalSection
	GlobalSection(SolutionProperties) = preSolution
		HideSolutionNode = FALSE
	EndGlobalSection
	GlobalSection(ExtensibilityGlobals) = postSolution
		SolutionGuid = {E723EAFA-4305-4533-B2D7-25988ED9A6F1}
	EndGlobalSection
EndGlobal
